PODS:
  - Alamofire (4.7.2)
  - Down (0.5.2)
  - mailcore2-osx (0.6.4)
  - Mappable (1.2.1)
  - Realm (3.11.0):
    - Realm/Headers (= 3.11.0)
  - Realm/Headers (3.11.0)
  - RealmSwift (3.11.0):
    - Realm (= 3.11.0)
  - SnapKit (4.0.0)

DEPENDENCIES:
  - Alamofire
  - Down
  - mailcore2-osx
  - Mappable
  - RealmSwift
  - SnapKit

SPEC REPOS:
  https://github.com/CocoaPods/Specs.git:
    - Alamofire
    - Down
    - mailcore2-osx
    - Mappable
    - Realm
    - RealmSwift
    - SnapKit

SPEC CHECKSUMS:
  Alamofire: e4fa87002c137ba2d8d634d2c51fabcda0d5c223
  Down: 587371ad58002b06023d9c602519216862c3acbc
  mailcore2-osx: 56890045e50f3b09b6530f5bd008eda67e1f6b82
  Mappable: 3b0ee951fae981fe387a5bbfb835aa4644f3f8b7
  Realm: 92f09a102692b96a9a10e9617f214f15c5ab85fc
  RealmSwift: 5f0481cd658bb751c509314b964a35eaa264d2cf
  SnapKit: a42d492c16e80209130a3379f73596c3454b7694

PODFILE CHECKSUM: f19785fd5c3b7a5444d4897d3551d17815c9845b

COCOAPODS: 1.5.0
