// !$*UTF8*$!
{
	archiveVersion = 1;
	classes = {
	};
	objectVersion = 50;
	objects = {

/* Begin PBXBuildFile section */
		8426D4DF20D18F350007F180 /* MainViewModel.swift in Sources */ = {isa = PBXBuildFile; fileRef = 8426D4DE20D18F350007F180 /* MainViewModel.swift */; };
		8426D4E120D194D70007F180 /* SprintQuery.swift in Sources */ = {isa = PBXBuildFile; fileRef = 8426D4E020D194D70007F180 /* SprintQuery.swift */; };
		8426D4E520D197E60007F180 /* RapidViews.swift in Sources */ = {isa = PBXBuildFile; fileRef = 8426D4E420D197E60007F180 /* RapidViews.swift */; };
		8426D4E720D1A2670007F180 /* SprintReport.swift in Sources */ = {isa = PBXBuildFile; fileRef = 8426D4E620D1A2670007F180 /* SprintReport.swift */; };
		8426D4E920D1A3070007F180 /* Issue.swift in Sources */ = {isa = PBXBuildFile; fileRef = 8426D4E820D1A3070007F180 /* Issue.swift */; };
		8426D4EB20D213300007F180 /* DetailsViewController.swift in Sources */ = {isa = PBXBuildFile; fileRef = 8426D4EA20D213300007F180 /* DetailsViewController.swift */; };
		843973CE20CFF64A00B14AB7 /* AppDelegate.swift in Sources */ = {isa = PBXBuildFile; fileRef = 843973CD20CFF64A00B14AB7 /* AppDelegate.swift */; };
		843973D020CFF64A00B14AB7 /* ViewController.swift in Sources */ = {isa = PBXBuildFile; fileRef = 843973CF20CFF64A00B14AB7 /* ViewController.swift */; };
		843973D220CFF64C00B14AB7 /* Assets.xcassets in Resources */ = {isa = PBXBuildFile; fileRef = 843973D120CFF64C00B14AB7 /* Assets.xcassets */; };
		843973D520CFF64C00B14AB7 /* Login.storyboard in Resources */ = {isa = PBXBuildFile; fileRef = 843973D320CFF64C00B14AB7 /* Login.storyboard */; };
		843973DE20D0149800B14AB7 /* MainWindowController.swift in Sources */ = {isa = PBXBuildFile; fileRef = 843973DD20D0149800B14AB7 /* MainWindowController.swift */; };
		843973E720D022EB00B14AB7 /* LoginWindowController.swift in Sources */ = {isa = PBXBuildFile; fileRef = 843973E520D022EB00B14AB7 /* LoginWindowController.swift */; };
		843973EA20D024EC00B14AB7 /* LoginViewController.swift in Sources */ = {isa = PBXBuildFile; fileRef = 843973E920D024EC00B14AB7 /* LoginViewController.swift */; };
		847C8C1E20D25338000C2854 /* Constants.swift in Sources */ = {isa = PBXBuildFile; fileRef = 847C8C1D20D25338000C2854 /* Constants.swift */; };
		847C8C2020D2630F000C2854 /* IssuesTableHeaderView.swift in Sources */ = {isa = PBXBuildFile; fileRef = 847C8C1F20D2630F000C2854 /* IssuesTableHeaderView.swift */; };
		847C8C2320D2702F000C2854 /* IssueCollectionViewItem.swift in Sources */ = {isa = PBXBuildFile; fileRef = 847C8C2120D2702F000C2854 /* IssueCollectionViewItem.swift */; };
		847C8C2420D2702F000C2854 /* IssueCollectionViewItem.xib in Resources */ = {isa = PBXBuildFile; fileRef = 847C8C2220D2702F000C2854 /* IssueCollectionViewItem.xib */; };
		847C8C2820D29A76000C2854 /* IssuesStatusHeaderView.swift in Sources */ = {isa = PBXBuildFile; fileRef = 847C8C2720D29A76000C2854 /* IssuesStatusHeaderView.swift */; };
		847C8C2A20D29AAC000C2854 /* IssuesStatusHeaderView.xib in Resources */ = {isa = PBXBuildFile; fileRef = 847C8C2920D29AAC000C2854 /* IssuesStatusHeaderView.xib */; };
		847C8C7120D2AA26000C2854 /* MailUtil.swift in Sources */ = {isa = PBXBuildFile; fileRef = 847C8C7020D2AA26000C2854 /* MailUtil.swift */; };
		847C8C7320D2ACFA000C2854 /* TitleViewController.swift in Sources */ = {isa = PBXBuildFile; fileRef = 847C8C7220D2ACFA000C2854 /* TitleViewController.swift */; };
		849478B520D0C95600FC9853 /* EngineersListViewController.swift in Sources */ = {isa = PBXBuildFile; fileRef = 849478B420D0C95600FC9853 /* EngineersListViewController.swift */; };
		849478B720D0CC3E00FC9853 /* EngineerCellView.swift in Sources */ = {isa = PBXBuildFile; fileRef = 849478B620D0CC3E00FC9853 /* EngineerCellView.swift */; };
		849478BB20D0D0A400FC9853 /* Engineer.swift in Sources */ = {isa = PBXBuildFile; fileRef = 849478BA20D0D0A400FC9853 /* Engineer.swift */; };
		849478BD20D112C500FC9853 /* UserDefaults+Extension.swift in Sources */ = {isa = PBXBuildFile; fileRef = 849478BC20D112C500FC9853 /* UserDefaults+Extension.swift */; };
		849478C320D13DAB00FC9853 /* Main.storyboard in Resources */ = {isa = PBXBuildFile; fileRef = 849478C120D13DAA00FC9853 /* Main.storyboard */; };
		849478C820D13FFC00FC9853 /* JiraAPI.swift in Sources */ = {isa = PBXBuildFile; fileRef = 849478C720D13FFC00FC9853 /* JiraAPI.swift */; };
		849478CA20D143EB00FC9853 /* String+Extension.swift in Sources */ = {isa = PBXBuildFile; fileRef = 849478C920D143EB00FC9853 /* String+Extension.swift */; };
		849478CC20D152DE00FC9853 /* NSAlert+Extension.swift in Sources */ = {isa = PBXBuildFile; fileRef = 849478CB20D152DE00FC9853 /* NSAlert+Extension.swift */; };
		84FCBFF420D0BDFF00FFDA73 /* NSColor+Extension.swift in Sources */ = {isa = PBXBuildFile; fileRef = 84FCBFF320D0BDFF00FFDA73 /* NSColor+Extension.swift */; };
		CACFDF2552D85F070858118D /* Pods_Jirara.framework in Frameworks */ = {isa = PBXBuildFile; fileRef = A62425EE78D72A54CDC1894A /* Pods_Jirara.framework */; };
/* End PBXBuildFile section */

/* Begin PBXFileReference section */
		5BF3BB22542F69B284DE1644 /* Pods-Jirara.release.xcconfig */ = {isa = PBXFileReference; includeInIndex = 1; lastKnownFileType = text.xcconfig; name = "Pods-Jirara.release.xcconfig"; path = "Pods/Target Support Files/Pods-Jirara/Pods-Jirara.release.xcconfig"; sourceTree = "<group>"; };
		8426D4DE20D18F350007F180 /* MainViewModel.swift */ = {isa = PBXFileReference; lastKnownFileType = sourcecode.swift; path = MainViewModel.swift; sourceTree = "<group>"; };
		8426D4E020D194D70007F180 /* SprintQuery.swift */ = {isa = PBXFileReference; lastKnownFileType = sourcecode.swift; path = SprintQuery.swift; sourceTree = "<group>"; };
		8426D4E420D197E60007F180 /* RapidViews.swift */ = {isa = PBXFileReference; lastKnownFileType = sourcecode.swift; path = RapidViews.swift; sourceTree = "<group>"; };
		8426D4E620D1A2670007F180 /* SprintReport.swift */ = {isa = PBXFileReference; lastKnownFileType = sourcecode.swift; path = SprintReport.swift; sourceTree = "<group>"; };
		8426D4E820D1A3070007F180 /* Issue.swift */ = {isa = PBXFileReference; lastKnownFileType = sourcecode.swift; path = Issue.swift; sourceTree = "<group>"; };
		8426D4EA20D213300007F180 /* DetailsViewController.swift */ = {isa = PBXFileReference; lastKnownFileType = sourcecode.swift; path = DetailsViewController.swift; sourceTree = "<group>"; };
		843973CA20CFF64A00B14AB7 /* Jirara.app */ = {isa = PBXFileReference; explicitFileType = wrapper.application; includeInIndex = 0; path = Jirara.app; sourceTree = BUILT_PRODUCTS_DIR; };
		843973CD20CFF64A00B14AB7 /* AppDelegate.swift */ = {isa = PBXFileReference; lastKnownFileType = sourcecode.swift; path = AppDelegate.swift; sourceTree = "<group>"; };
		843973CF20CFF64A00B14AB7 /* ViewController.swift */ = {isa = PBXFileReference; lastKnownFileType = sourcecode.swift; path = ViewController.swift; sourceTree = "<group>"; };
		843973D120CFF64C00B14AB7 /* Assets.xcassets */ = {isa = PBXFileReference; lastKnownFileType = folder.assetcatalog; path = Assets.xcassets; sourceTree = "<group>"; };
		843973D420CFF64C00B14AB7 /* Base */ = {isa = PBXFileReference; lastKnownFileType = file.storyboard; name = Base; path = Base.lproj/Login.storyboard; sourceTree = "<group>"; };
		843973D620CFF64C00B14AB7 /* Info.plist */ = {isa = PBXFileReference; lastKnownFileType = text.plist.xml; path = Info.plist; sourceTree = "<group>"; };
		843973D720CFF64C00B14AB7 /* Jirara.entitlements */ = {isa = PBXFileReference; lastKnownFileType = text.plist.entitlements; path = Jirara.entitlements; sourceTree = "<group>"; };
		843973DD20D0149800B14AB7 /* MainWindowController.swift */ = {isa = PBXFileReference; lastKnownFileType = sourcecode.swift; path = MainWindowController.swift; sourceTree = "<group>"; };
		843973E520D022EB00B14AB7 /* LoginWindowController.swift */ = {isa = PBXFileReference; lastKnownFileType = sourcecode.swift; path = LoginWindowController.swift; sourceTree = "<group>"; };
		843973E920D024EC00B14AB7 /* LoginViewController.swift */ = {isa = PBXFileReference; lastKnownFileType = sourcecode.swift; path = LoginViewController.swift; sourceTree = "<group>"; };
		847C8C1D20D25338000C2854 /* Constants.swift */ = {isa = PBXFileReference; lastKnownFileType = sourcecode.swift; path = Constants.swift; sourceTree = "<group>"; };
		847C8C1F20D2630F000C2854 /* IssuesTableHeaderView.swift */ = {isa = PBXFileReference; lastKnownFileType = sourcecode.swift; path = IssuesTableHeaderView.swift; sourceTree = "<group>"; };
		847C8C2120D2702F000C2854 /* IssueCollectionViewItem.swift */ = {isa = PBXFileReference; lastKnownFileType = sourcecode.swift; path = IssueCollectionViewItem.swift; sourceTree = "<group>"; };
		847C8C2220D2702F000C2854 /* IssueCollectionViewItem.xib */ = {isa = PBXFileReference; lastKnownFileType = file.xib; path = IssueCollectionViewItem.xib; sourceTree = "<group>"; };
		847C8C2720D29A76000C2854 /* IssuesStatusHeaderView.swift */ = {isa = PBXFileReference; lastKnownFileType = sourcecode.swift; path = IssuesStatusHeaderView.swift; sourceTree = "<group>"; };
		847C8C2920D29AAC000C2854 /* IssuesStatusHeaderView.xib */ = {isa = PBXFileReference; fileEncoding = 4; lastKnownFileType = file.xib; path = IssuesStatusHeaderView.xib; sourceTree = "<group>"; };
		847C8C7020D2AA26000C2854 /* MailUtil.swift */ = {isa = PBXFileReference; lastKnownFileType = sourcecode.swift; path = MailUtil.swift; sourceTree = "<group>"; };
		847C8C7220D2ACFA000C2854 /* TitleViewController.swift */ = {isa = PBXFileReference; lastKnownFileType = sourcecode.swift; path = TitleViewController.swift; sourceTree = "<group>"; };
		849478B420D0C95600FC9853 /* EngineersListViewController.swift */ = {isa = PBXFileReference; lastKnownFileType = sourcecode.swift; path = EngineersListViewController.swift; sourceTree = "<group>"; };
		849478B620D0CC3E00FC9853 /* EngineerCellView.swift */ = {isa = PBXFileReference; lastKnownFileType = sourcecode.swift; path = EngineerCellView.swift; sourceTree = "<group>"; };
		849478BA20D0D0A400FC9853 /* Engineer.swift */ = {isa = PBXFileReference; lastKnownFileType = sourcecode.swift; path = Engineer.swift; sourceTree = "<group>"; };
		849478BC20D112C500FC9853 /* UserDefaults+Extension.swift */ = {isa = PBXFileReference; lastKnownFileType = sourcecode.swift; path = "UserDefaults+Extension.swift"; sourceTree = "<group>"; };
		849478C220D13DAA00FC9853 /* Base */ = {isa = PBXFileReference; lastKnownFileType = file.storyboard; name = Base; path = Base.lproj/Main.storyboard; sourceTree = "<group>"; };
		849478C720D13FFC00FC9853 /* JiraAPI.swift */ = {isa = PBXFileReference; lastKnownFileType = sourcecode.swift; path = JiraAPI.swift; sourceTree = "<group>"; };
		849478C920D143EB00FC9853 /* String+Extension.swift */ = {isa = PBXFileReference; lastKnownFileType = sourcecode.swift; path = "String+Extension.swift"; sourceTree = "<group>"; };
		849478CB20D152DE00FC9853 /* NSAlert+Extension.swift */ = {isa = PBXFileReference; lastKnownFileType = sourcecode.swift; path = "NSAlert+Extension.swift"; sourceTree = "<group>"; };
		84FCBFF320D0BDFF00FFDA73 /* NSColor+Extension.swift */ = {isa = PBXFileReference; lastKnownFileType = sourcecode.swift; path = "NSColor+Extension.swift"; sourceTree = "<group>"; };
		A2FE8ACC31D85D047A85C605 /* Pods-Jirara.debug.xcconfig */ = {isa = PBXFileReference; includeInIndex = 1; lastKnownFileType = text.xcconfig; name = "Pods-Jirara.debug.xcconfig"; path = "Pods/Target Support Files/Pods-Jirara/Pods-Jirara.debug.xcconfig"; sourceTree = "<group>"; };
		A62425EE78D72A54CDC1894A /* Pods_Jirara.framework */ = {isa = PBXFileReference; explicitFileType = wrapper.framework; includeInIndex = 0; path = Pods_Jirara.framework; sourceTree = BUILT_PRODUCTS_DIR; };
/* End PBXFileReference section */

/* Begin PBXFrameworksBuildPhase section */
		843973C720CFF64A00B14AB7 /* Frameworks */ = {
			isa = PBXFrameworksBuildPhase;
			buildActionMask = 2147483647;
			files = (
				CACFDF2552D85F070858118D /* Pods_Jirara.framework in Frameworks */,
			);
			runOnlyForDeploymentPostprocessing = 0;
		};
/* End PBXFrameworksBuildPhase section */

/* Begin PBXGroup section */
		63B49DAEB5DC44FD9C119E09 /* Frameworks */ = {
			isa = PBXGroup;
			children = (
				A62425EE78D72A54CDC1894A /* Pods_Jirara.framework */,
			);
			name = Frameworks;
			sourceTree = "<group>";
		};
		8426D4DD20D18F190007F180 /* ViewModel */ = {
			isa = PBXGroup;
			children = (
				8426D4DE20D18F350007F180 /* MainViewModel.swift */,
			);
			path = ViewModel;
			sourceTree = "<group>";
		};
		843973C120CFF64A00B14AB7 = {
			isa = PBXGroup;
			children = (
				843973CC20CFF64A00B14AB7 /* Jirara */,
				843973CB20CFF64A00B14AB7 /* Products */,
				881409385CB01FFB70904BA6 /* Pods */,
				63B49DAEB5DC44FD9C119E09 /* Frameworks */,
			);
			sourceTree = "<group>";
		};
		843973CB20CFF64A00B14AB7 /* Products */ = {
			isa = PBXGroup;
			children = (
				843973CA20CFF64A00B14AB7 /* Jirara.app */,
			);
			name = Products;
			sourceTree = "<group>";
		};
		843973CC20CFF64A00B14AB7 /* Jirara */ = {
			isa = PBXGroup;
			children = (
				8426D4DD20D18F190007F180 /* ViewModel */,
				849478C420D13EFA00FC9853 /* Util */,
				849478B920D0D09700FC9853 /* Model */,
				849478B820D0CC4200FC9853 /* View */,
				84FCBFF220D0BDED00FFDA73 /* Extension */,
				843973DF20D022A800B14AB7 /* Controller */,
				843973CD20CFF64A00B14AB7 /* AppDelegate.swift */,
				843973D120CFF64C00B14AB7 /* Assets.xcassets */,
				843973D320CFF64C00B14AB7 /* Login.storyboard */,
				849478C120D13DAA00FC9853 /* Main.storyboard */,
				843973D620CFF64C00B14AB7 /* Info.plist */,
				843973D720CFF64C00B14AB7 /* Jirara.entitlements */,
			);
			path = Jirara;
			sourceTree = "<group>";
		};
		843973DF20D022A800B14AB7 /* Controller */ = {
			isa = PBXGroup;
			children = (
				843973E020D022C100B14AB7 /* Window */,
				843973CF20CFF64A00B14AB7 /* ViewController.swift */,
				843973E920D024EC00B14AB7 /* LoginViewController.swift */,
				849478B420D0C95600FC9853 /* EngineersListViewController.swift */,
				8426D4EA20D213300007F180 /* DetailsViewController.swift */,
				847C8C7220D2ACFA000C2854 /* TitleViewController.swift */,
			);
			path = Controller;
			sourceTree = "<group>";
		};
		843973E020D022C100B14AB7 /* Window */ = {
			isa = PBXGroup;
			children = (
				843973DD20D0149800B14AB7 /* MainWindowController.swift */,
				843973E520D022EB00B14AB7 /* LoginWindowController.swift */,
			);
			path = Window;
			sourceTree = "<group>";
		};
		849478B820D0CC4200FC9853 /* View */ = {
			isa = PBXGroup;
			children = (
				849478B620D0CC3E00FC9853 /* EngineerCellView.swift */,
				847C8C1F20D2630F000C2854 /* IssuesTableHeaderView.swift */,
				847C8C2120D2702F000C2854 /* IssueCollectionViewItem.swift */,
				847C8C2220D2702F000C2854 /* IssueCollectionViewItem.xib */,
				847C8C2720D29A76000C2854 /* IssuesStatusHeaderView.swift */,
				847C8C2920D29AAC000C2854 /* IssuesStatusHeaderView.xib */,
			);
			path = View;
			sourceTree = "<group>";
		};
		849478B920D0D09700FC9853 /* Model */ = {
			isa = PBXGroup;
			children = (
				849478BA20D0D0A400FC9853 /* Engineer.swift */,
				8426D4E020D194D70007F180 /* SprintQuery.swift */,
				8426D4E420D197E60007F180 /* RapidViews.swift */,
				8426D4E620D1A2670007F180 /* SprintReport.swift */,
				8426D4E820D1A3070007F180 /* Issue.swift */,
			);
			path = Model;
			sourceTree = "<group>";
		};
		849478C420D13EFA00FC9853 /* Util */ = {
			isa = PBXGroup;
			children = (
				849478C720D13FFC00FC9853 /* JiraAPI.swift */,
				847C8C1D20D25338000C2854 /* Constants.swift */,
				847C8C7020D2AA26000C2854 /* MailUtil.swift */,
			);
			path = Util;
			sourceTree = "<group>";
		};
		84FCBFF220D0BDED00FFDA73 /* Extension */ = {
			isa = PBXGroup;
			children = (
				84FCBFF320D0BDFF00FFDA73 /* NSColor+Extension.swift */,
				849478BC20D112C500FC9853 /* UserDefaults+Extension.swift */,
				849478C920D143EB00FC9853 /* String+Extension.swift */,
				849478CB20D152DE00FC9853 /* NSAlert+Extension.swift */,
			);
			path = Extension;
			sourceTree = "<group>";
		};
		881409385CB01FFB70904BA6 /* Pods */ = {
			isa = PBXGroup;
			children = (
				A2FE8ACC31D85D047A85C605 /* Pods-Jirara.debug.xcconfig */,
				5BF3BB22542F69B284DE1644 /* Pods-Jirara.release.xcconfig */,
			);
			name = Pods;
			sourceTree = "<group>";
		};
/* End PBXGroup section */

/* Begin PBXNativeTarget section */
		843973C920CFF64A00B14AB7 /* Jirara */ = {
			isa = PBXNativeTarget;
			buildConfigurationList = 843973DA20CFF64C00B14AB7 /* Build configuration list for PBXNativeTarget "Jirara" */;
			buildPhases = (
				545070D71D1C27E5C697792A /* [CP] Check Pods Manifest.lock */,
				843973C620CFF64A00B14AB7 /* Sources */,
				843973C720CFF64A00B14AB7 /* Frameworks */,
				843973C820CFF64A00B14AB7 /* Resources */,
				24010122696B1739D51D2277 /* [CP] Embed Pods Frameworks */,
			);
			buildRules = (
			);
			dependencies = (
			);
			name = Jirara;
			productName = Jirara;
			productReference = 843973CA20CFF64A00B14AB7 /* Jirara.app */;
			productType = "com.apple.product-type.application";
		};
/* End PBXNativeTarget section */

/* Begin PBXProject section */
		843973C220CFF64A00B14AB7 /* Project object */ = {
			isa = PBXProject;
			attributes = {
				LastSwiftUpdateCheck = 0940;
				LastUpgradeCheck = 0940;
				ORGANIZATIONNAME = kingcos;
				TargetAttributes = {
					843973C920CFF64A00B14AB7 = {
						CreatedOnToolsVersion = 9.4;
					};
				};
			};
			buildConfigurationList = 843973C520CFF64A00B14AB7 /* Build configuration list for PBXProject "Jirara" */;
			compatibilityVersion = "Xcode 9.3";
			developmentRegion = en;
			hasScannedForEncodings = 0;
			knownRegions = (
				en,
				Base,
			);
			mainGroup = 843973C120CFF64A00B14AB7;
			productRefGroup = 843973CB20CFF64A00B14AB7 /* Products */;
			projectDirPath = "";
			projectRoot = "";
			targets = (
				843973C920CFF64A00B14AB7 /* Jirara */,
			);
		};
/* End PBXProject section */

/* Begin PBXResourcesBuildPhase section */
		843973C820CFF64A00B14AB7 /* Resources */ = {
			isa = PBXResourcesBuildPhase;
			buildActionMask = 2147483647;
			files = (
				849478C320D13DAB00FC9853 /* Main.storyboard in Resources */,
				843973D220CFF64C00B14AB7 /* Assets.xcassets in Resources */,
				843973D520CFF64C00B14AB7 /* Login.storyboard in Resources */,
				847C8C2A20D29AAC000C2854 /* IssuesStatusHeaderView.xib in Resources */,
				847C8C2420D2702F000C2854 /* IssueCollectionViewItem.xib in Resources */,
			);
			runOnlyForDeploymentPostprocessing = 0;
		};
/* End PBXResourcesBuildPhase section */

/* Begin PBXShellScriptBuildPhase section */
		24010122696B1739D51D2277 /* [CP] Embed Pods Frameworks */ = {
			isa = PBXShellScriptBuildPhase;
			buildActionMask = 2147483647;
			files = (
			);
			inputPaths = (
				"${SRCROOT}/Pods/Target Support Files/Pods-Jirara/Pods-Jirara-frameworks.sh",
				"${BUILT_PRODUCTS_DIR}/Alamofire/Alamofire.framework",
				"${BUILT_PRODUCTS_DIR}/Charts/Charts.framework",
				"${BUILT_PRODUCTS_DIR}/Kingfisher/Kingfisher.framework",
				"${BUILT_PRODUCTS_DIR}/Mappable/Mappable.framework",
			);
			name = "[CP] Embed Pods Frameworks";
			outputPaths = (
				"${TARGET_BUILD_DIR}/${FRAMEWORKS_FOLDER_PATH}/Alamofire.framework",
				"${TARGET_BUILD_DIR}/${FRAMEWORKS_FOLDER_PATH}/Charts.framework",
				"${TARGET_BUILD_DIR}/${FRAMEWORKS_FOLDER_PATH}/Kingfisher.framework",
				"${TARGET_BUILD_DIR}/${FRAMEWORKS_FOLDER_PATH}/Mappable.framework",
			);
			runOnlyForDeploymentPostprocessing = 0;
			shellPath = /bin/sh;
			shellScript = "\"${SRCROOT}/Pods/Target Support Files/Pods-Jirara/Pods-Jirara-frameworks.sh\"\n";
			showEnvVarsInLog = 0;
		};
		545070D71D1C27E5C697792A /* [CP] Check Pods Manifest.lock */ = {
			isa = PBXShellScriptBuildPhase;
			buildActionMask = 2147483647;
			files = (
			);
			inputPaths = (
				"${PODS_PODFILE_DIR_PATH}/Podfile.lock",
				"${PODS_ROOT}/Manifest.lock",
			);
			name = "[CP] Check Pods Manifest.lock";
			outputPaths = (
				"$(DERIVED_FILE_DIR)/Pods-Jirara-checkManifestLockResult.txt",
			);
			runOnlyForDeploymentPostprocessing = 0;
			shellPath = /bin/sh;
			shellScript = "diff \"${PODS_PODFILE_DIR_PATH}/Podfile.lock\" \"${PODS_ROOT}/Manifest.lock\" > /dev/null\nif [ $? != 0 ] ; then\n    # print error to STDERR\n    echo \"error: The sandbox is not in sync with the Podfile.lock. Run 'pod install' or update your CocoaPods installation.\" >&2\n    exit 1\nfi\n# This output is used by Xcode 'outputs' to avoid re-running this script phase.\necho \"SUCCESS\" > \"${SCRIPT_OUTPUT_FILE_0}\"\n";
			showEnvVarsInLog = 0;
		};
/* End PBXShellScriptBuildPhase section */

/* Begin PBXSourcesBuildPhase section */
		843973C620CFF64A00B14AB7 /* Sources */ = {
			isa = PBXSourcesBuildPhase;
			buildActionMask = 2147483647;
			files = (
				849478BB20D0D0A400FC9853 /* Engineer.swift in Sources */,
				843973D020CFF64A00B14AB7 /* ViewController.swift in Sources */,
				847C8C7120D2AA26000C2854 /* MailUtil.swift in Sources */,
				849478B720D0CC3E00FC9853 /* EngineerCellView.swift in Sources */,
				847C8C7320D2ACFA000C2854 /* TitleViewController.swift in Sources */,
				843973CE20CFF64A00B14AB7 /* AppDelegate.swift in Sources */,
				849478CA20D143EB00FC9853 /* String+Extension.swift in Sources */,
				8426D4E520D197E60007F180 /* RapidViews.swift in Sources */,
				84FCBFF420D0BDFF00FFDA73 /* NSColor+Extension.swift in Sources */,
				849478CC20D152DE00FC9853 /* NSAlert+Extension.swift in Sources */,
				8426D4E720D1A2670007F180 /* SprintReport.swift in Sources */,
				847C8C2320D2702F000C2854 /* IssueCollectionViewItem.swift in Sources */,
				8426D4DF20D18F350007F180 /* MainViewModel.swift in Sources */,
				849478C820D13FFC00FC9853 /* JiraAPI.swift in Sources */,
				847C8C2820D29A76000C2854 /* IssuesStatusHeaderView.swift in Sources */,
				847C8C2020D2630F000C2854 /* IssuesTableHeaderView.swift in Sources */,
				843973DE20D0149800B14AB7 /* MainWindowController.swift in Sources */,
				849478B520D0C95600FC9853 /* EngineersListViewController.swift in Sources */,
				8426D4EB20D213300007F180 /* DetailsViewController.swift in Sources */,
				8426D4E120D194D70007F180 /* SprintQuery.swift in Sources */,
				847C8C1E20D25338000C2854 /* Constants.swift in Sources */,
				843973EA20D024EC00B14AB7 /* LoginViewController.swift in Sources */,
				849478BD20D112C500FC9853 /* UserDefaults+Extension.swift in Sources */,
				843973E720D022EB00B14AB7 /* LoginWindowController.swift in Sources */,
				8426D4E920D1A3070007F180 /* Issue.swift in Sources */,
			);
			runOnlyForDeploymentPostprocessing = 0;
		};
/* End PBXSourcesBuildPhase section */

/* Begin PBXVariantGroup section */
		843973D320CFF64C00B14AB7 /* Login.storyboard */ = {
			isa = PBXVariantGroup;
			children = (
				843973D420CFF64C00B14AB7 /* Base */,
			);
			name = Login.storyboard;
			sourceTree = "<group>";
		};
		849478C120D13DAA00FC9853 /* Main.storyboard */ = {
			isa = PBXVariantGroup;
			children = (
				849478C220D13DAA00FC9853 /* Base */,
			);
			name = Main.storyboard;
			sourceTree = "<group>";
		};
/* End PBXVariantGroup section */

/* Begin XCBuildConfiguration section */
		843973D820CFF64C00B14AB7 /* Debug */ = {
			isa = XCBuildConfiguration;
			buildSettings = {
				ALWAYS_SEARCH_USER_PATHS = NO;
				CLANG_ANALYZER_NONNULL = YES;
				CLANG_ANALYZER_NUMBER_OBJECT_CONVERSION = YES_AGGRESSIVE;
				CLANG_CXX_LANGUAGE_STANDARD = "gnu++14";
				CLANG_CXX_LIBRARY = "libc++";
				CLANG_ENABLE_MODULES = YES;
				CLANG_ENABLE_OBJC_ARC = YES;
				CLANG_ENABLE_OBJC_WEAK = YES;
				CLANG_WARN_BLOCK_CAPTURE_AUTORELEASING = YES;
				CLANG_WARN_BOOL_CONVERSION = YES;
				CLANG_WARN_COMMA = YES;
				CLANG_WARN_CONSTANT_CONVERSION = YES;
				CLANG_WARN_DEPRECATED_OBJC_IMPLEMENTATIONS = YES;
				CLANG_WARN_DIRECT_OBJC_ISA_USAGE = YES_ERROR;
				CLANG_WARN_DOCUMENTATION_COMMENTS = YES;
				CLANG_WARN_EMPTY_BODY = YES;
				CLANG_WARN_ENUM_CONVERSION = YES;
				CLANG_WARN_INFINITE_RECURSION = YES;
				CLANG_WARN_INT_CONVERSION = YES;
				CLANG_WARN_NON_LITERAL_NULL_CONVERSION = YES;
				CLANG_WARN_OBJC_IMPLICIT_RETAIN_SELF = YES;
				CLANG_WARN_OBJC_LITERAL_CONVERSION = YES;
				CLANG_WARN_OBJC_ROOT_CLASS = YES_ERROR;
				CLANG_WARN_RANGE_LOOP_ANALYSIS = YES;
				CLANG_WARN_STRICT_PROTOTYPES = YES;
				CLANG_WARN_SUSPICIOUS_MOVE = YES;
				CLANG_WARN_UNGUARDED_AVAILABILITY = YES_AGGRESSIVE;
				CLANG_WARN_UNREACHABLE_CODE = YES;
				CLANG_WARN__DUPLICATE_METHOD_MATCH = YES;
				CODE_SIGN_IDENTITY = "Mac Developer";
				COPY_PHASE_STRIP = NO;
				DEBUG_INFORMATION_FORMAT = dwarf;
				ENABLE_STRICT_OBJC_MSGSEND = YES;
				ENABLE_TESTABILITY = YES;
				GCC_C_LANGUAGE_STANDARD = gnu11;
				GCC_DYNAMIC_NO_PIC = NO;
				GCC_NO_COMMON_BLOCKS = YES;
				GCC_OPTIMIZATION_LEVEL = 0;
				GCC_PREPROCESSOR_DEFINITIONS = (
					"DEBUG=1",
					"$(inherited)",
				);
				GCC_WARN_64_TO_32_BIT_CONVERSION = YES;
				GCC_WARN_ABOUT_RETURN_TYPE = YES_ERROR;
				GCC_WARN_UNDECLARED_SELECTOR = YES;
				GCC_WARN_UNINITIALIZED_AUTOS = YES_AGGRESSIVE;
				GCC_WARN_UNUSED_FUNCTION = YES;
				GCC_WARN_UNUSED_VARIABLE = YES;
				MACOSX_DEPLOYMENT_TARGET = 10.13;
				MTL_ENABLE_DEBUG_INFO = YES;
				ONLY_ACTIVE_ARCH = YES;
				SDKROOT = macosx;
				SWIFT_ACTIVE_COMPILATION_CONDITIONS = DEBUG;
				SWIFT_OPTIMIZATION_LEVEL = "-Onone";
			};
			name = Debug;
		};
		843973D920CFF64C00B14AB7 /* Release */ = {
			isa = XCBuildConfiguration;
			buildSettings = {
				ALWAYS_SEARCH_USER_PATHS = NO;
				CLANG_ANALYZER_NONNULL = YES;
				CLANG_ANALYZER_NUMBER_OBJECT_CONVERSION = YES_AGGRESSIVE;
				CLANG_CXX_LANGUAGE_STANDARD = "gnu++14";
				CLANG_CXX_LIBRARY = "libc++";
				CLANG_ENABLE_MODULES = YES;
				CLANG_ENABLE_OBJC_ARC = YES;
				CLANG_ENABLE_OBJC_WEAK = YES;
				CLANG_WARN_BLOCK_CAPTURE_AUTORELEASING = YES;
				CLANG_WARN_BOOL_CONVERSION = YES;
				CLANG_WARN_COMMA = YES;
				CLANG_WARN_CONSTANT_CONVERSION = YES;
				CLANG_WARN_DEPRECATED_OBJC_IMPLEMENTATIONS = YES;
				CLANG_WARN_DIRECT_OBJC_ISA_USAGE = YES_ERROR;
				CLANG_WARN_DOCUMENTATION_COMMENTS = YES;
				CLANG_WARN_EMPTY_BODY = YES;
				CLANG_WARN_ENUM_CONVERSION = YES;
				CLANG_WARN_INFINITE_RECURSION = YES;
				CLANG_WARN_INT_CONVERSION = YES;
				CLANG_WARN_NON_LITERAL_NULL_CONVERSION = YES;
				CLANG_WARN_OBJC_IMPLICIT_RETAIN_SELF = YES;
				CLANG_WARN_OBJC_LITERAL_CONVERSION = YES;
				CLANG_WARN_OBJC_ROOT_CLASS = YES_ERROR;
				CLANG_WARN_RANGE_LOOP_ANALYSIS = YES;
				CLANG_WARN_STRICT_PROTOTYPES = YES;
				CLANG_WARN_SUSPICIOUS_MOVE = YES;
				CLANG_WARN_UNGUARDED_AVAILABILITY = YES_AGGRESSIVE;
				CLANG_WARN_UNREACHABLE_CODE = YES;
				CLANG_WARN__DUPLICATE_METHOD_MATCH = YES;
				CODE_SIGN_IDENTITY = "Mac Developer";
				COPY_PHASE_STRIP = NO;
				DEBUG_INFORMATION_FORMAT = "dwarf-with-dsym";
				ENABLE_NS_ASSERTIONS = NO;
				ENABLE_STRICT_OBJC_MSGSEND = YES;
				GCC_C_LANGUAGE_STANDARD = gnu11;
				GCC_NO_COMMON_BLOCKS = YES;
				GCC_WARN_64_TO_32_BIT_CONVERSION = YES;
				GCC_WARN_ABOUT_RETURN_TYPE = YES_ERROR;
				GCC_WARN_UNDECLARED_SELECTOR = YES;
				GCC_WARN_UNINITIALIZED_AUTOS = YES_AGGRESSIVE;
				GCC_WARN_UNUSED_FUNCTION = YES;
				GCC_WARN_UNUSED_VARIABLE = YES;
				MACOSX_DEPLOYMENT_TARGET = 10.13;
				MTL_ENABLE_DEBUG_INFO = NO;
				SDKROOT = macosx;
				SWIFT_COMPILATION_MODE = wholemodule;
				SWIFT_OPTIMIZATION_LEVEL = "-O";
			};
			name = Release;
		};
		843973DB20CFF64C00B14AB7 /* Debug */ = {
			isa = XCBuildConfiguration;
			baseConfigurationReference = A2FE8ACC31D85D047A85C605 /* Pods-Jirara.debug.xcconfig */;
			buildSettings = {
				ASSETCATALOG_COMPILER_APPICON_NAME = AppIcon;
				CODE_SIGN_ENTITLEMENTS = Jirara/Jirara.entitlements;
				CODE_SIGN_STYLE = Automatic;
				COMBINE_HIDPI_IMAGES = YES;
				DEVELOPMENT_TEAM = LEG7CXMPKJ;
				INFOPLIST_FILE = Jirara/Info.plist;
				LD_RUNPATH_SEARCH_PATHS = (
					"$(inherited)",
					"@executable_path/../Frameworks",
				);
				MACOSX_DEPLOYMENT_TARGET = 10.13;
				PRODUCT_BUNDLE_IDENTIFIER = com.maimieng.Jirara;
				PRODUCT_NAME = "$(TARGET_NAME)";
				SWIFT_VERSION = 4.0;
			};
			name = Debug;
		};
		843973DC20CFF64C00B14AB7 /* Release */ = {
			isa = XCBuildConfiguration;
			baseConfigurationReference = 5BF3BB22542F69B284DE1644 /* Pods-Jirara.release.xcconfig */;
			buildSettings = {
				ASSETCATALOG_COMPILER_APPICON_NAME = AppIcon;
				CODE_SIGN_ENTITLEMENTS = Jirara/Jirara.entitlements;
				CODE_SIGN_STYLE = Automatic;
				COMBINE_HIDPI_IMAGES = YES;
				DEVELOPMENT_TEAM = LEG7CXMPKJ;
				INFOPLIST_FILE = Jirara/Info.plist;
				LD_RUNPATH_SEARCH_PATHS = (
					"$(inherited)",
					"@executable_path/../Frameworks",
				);
				MACOSX_DEPLOYMENT_TARGET = 10.13;
				PRODUCT_BUNDLE_IDENTIFIER = com.maimieng.Jirara;
				PRODUCT_NAME = "$(TARGET_NAME)";
				SWIFT_VERSION = 4.0;
			};
			name = Release;
		};
/* End XCBuildConfiguration section */

/* Begin XCConfigurationList section */
		843973C520CFF64A00B14AB7 /* Build configuration list for PBXProject "Jirara" */ = {
			isa = XCConfigurationList;
			buildConfigurations = (
				843973D820CFF64C00B14AB7 /* Debug */,
				843973D920CFF64C00B14AB7 /* Release */,
			);
			defaultConfigurationIsVisible = 0;
			defaultConfigurationName = Release;
		};
		843973DA20CFF64C00B14AB7 /* Build configuration list for PBXNativeTarget "Jirara" */ = {
			isa = XCConfigurationList;
			buildConfigurations = (
				843973DB20CFF64C00B14AB7 /* Debug */,
				843973DC20CFF64C00B14AB7 /* Release */,
			);
			defaultConfigurationIsVisible = 0;
			defaultConfigurationName = Release;
		};
/* End XCConfigurationList section */
	};
	rootObject = 843973C220CFF64A00B14AB7 /* Project object */;
}
